
Microsoft Visual Studio Solution File, Format Version 12.00
# Visual Studio Version 17
VisualStudioVersion = 17.4.33027.239
MinimumVisualStudioVersion = 10.0.40219.1
Project("{FAE04EC0-301F-11D3-BF4B-00C04F79EFBC}") = "MVP_Lab_IndTask", "MVP_Lab_IndTask\MVP_Lab_IndTask.csproj", "{A8C7BE41-49AA-47B7-A76F-89ED9EBA6FAE}"
EndProject
Global
	GlobalSection(SolutionConfigurationPlatforms) = preSolution
		Debug|Any CPU = Debug|Any CPU
		Release|Any CPU = Release|Any CPU
	EndGlobalSection
	GlobalSection(ProjectConfigurationPlatforms) = postSolution
		{A8C7BE41-49AA-47B7-A76F-89ED9EBA6FAE}.Debug|Any CPU.ActiveCfg = Debug|Any CPU
		{A8C7BE41-49AA-47B7-A76F-89ED9EBA6FAE}.Debug|Any CPU.Build.0 = Debug|Any CPU
		{A8C7BE41-49AA-47B7-A76F-89ED9EBA6FAE}.Release|Any CPU.ActiveCfg = Release|Any CPU
		{A8C7BE41-49AA-47B7-A76F-89ED9EBA6FAE}.Release|Any CPU.Build.0 = Release|Any CPU
	EndGlobalSection
	GlobalSection(SolutionProperties) = preSolution
		HideSolutionNode = FALSE
	EndGlobalSection
	GlobalSection(ExtensibilityGlobals) = postSolution
		SolutionGuid = {F2593529-B241-4151-9D4C-56C5011E356C}
	EndGlobalSection
EndGlobal
